// !$*UTF8*$!
{
	archiveVersion = 1;
	classes = {
	};
	objectVersion = 50;
	objects = {

/* Begin PBXBuildFile section */
		375C061B2437111B00CDCBD5 /* AppDelegate.swift in Sources */ = {isa = PBXBuildFile; fileRef = 375C061A2437111B00CDCBD5 /* AppDelegate.swift */; };
		375C061D2437111B00CDCBD5 /* SceneDelegate.swift in Sources */ = {isa = PBXBuildFile; fileRef = 375C061C2437111B00CDCBD5 /* SceneDelegate.swift */; };
		375C06242437111C00CDCBD5 /* Assets.xcassets in Resources */ = {isa = PBXBuildFile; fileRef = 375C06232437111C00CDCBD5 /* Assets.xcassets */; };
		375C06272437111C00CDCBD5 /* LaunchScreen.storyboard in Resources */ = {isa = PBXBuildFile; fileRef = 375C06252437111C00CDCBD5 /* LaunchScreen.storyboard */; };
		375C06322437117F00CDCBD5 /* CameraOverlayController.swift in Sources */ = {isa = PBXBuildFile; fileRef = 375C062E2437117F00CDCBD5 /* CameraOverlayController.swift */; };
		375C06332437117F00CDCBD5 /* CameraTestController.swift in Sources */ = {isa = PBXBuildFile; fileRef = 375C062F2437117F00CDCBD5 /* CameraTestController.swift */; };
		375C06342437117F00CDCBD5 /* CameraMain.storyboard in Resources */ = {isa = PBXBuildFile; fileRef = 375C06302437117F00CDCBD5 /* CameraMain.storyboard */; };
		375C06352437117F00CDCBD5 /* CameraViewController.swift in Sources */ = {isa = PBXBuildFile; fileRef = 375C06312437117F00CDCBD5 /* CameraViewController.swift */; };
/* End PBXBuildFile section */

/* Begin PBXFileReference section */
		375C06172437111B00CDCBD5 /* FullCamera_iOS.app */ = {isa = PBXFileReference; explicitFileType = wrapper.application; includeInIndex = 0; path = FullCamera_iOS.app; sourceTree = BUILT_PRODUCTS_DIR; };
		375C061A2437111B00CDCBD5 /* AppDelegate.swift */ = {isa = PBXFileReference; lastKnownFileType = sourcecode.swift; path = AppDelegate.swift; sourceTree = "<group>"; };
		375C061C2437111B00CDCBD5 /* SceneDelegate.swift */ = {isa = PBXFileReference; lastKnownFileType = sourcecode.swift; path = SceneDelegate.swift; sourceTree = "<group>"; };
		375C06232437111C00CDCBD5 /* Assets.xcassets */ = {isa = PBXFileReference; lastKnownFileType = folder.assetcatalog; path = Assets.xcassets; sourceTree = "<group>"; };
		375C06262437111C00CDCBD5 /* Base */ = {isa = PBXFileReference; lastKnownFileType = file.storyboard; name = Base; path = Base.lproj/LaunchScreen.storyboard; sourceTree = "<group>"; };
		375C06282437111C00CDCBD5 /* Info.plist */ = {isa = PBXFileReference; lastKnownFileType = text.plist.xml; path = Info.plist; sourceTree = "<group>"; };
		375C062E2437117F00CDCBD5 /* CameraOverlayController.swift */ = {isa = PBXFileReference; fileEncoding = 4; lastKnownFileType = sourcecode.swift; path = CameraOverlayController.swift; sourceTree = "<group>"; };
		375C062F2437117F00CDCBD5 /* CameraTestController.swift */ = {isa = PBXFileReference; fileEncoding = 4; lastKnownFileType = sourcecode.swift; path = CameraTestController.swift; sourceTree = "<group>"; };
		375C06302437117F00CDCBD5 /* CameraMain.storyboard */ = {isa = PBXFileReference; fileEncoding = 4; lastKnownFileType = file.storyboard; path = CameraMain.storyboard; sourceTree = "<group>"; };
		375C06312437117F00CDCBD5 /* CameraViewController.swift */ = {isa = PBXFileReference; fileEncoding = 4; lastKnownFileType = sourcecode.swift; path = CameraViewController.swift; sourceTree = "<group>"; };
/* End PBXFileReference section */

/* Begin PBXFrameworksBuildPhase section */
		375C06142437111B00CDCBD5 /* Frameworks */ = {
			isa = PBXFrameworksBuildPhase;
			buildActionMask = 2147483647;
			files = (
			);
			runOnlyForDeploymentPostprocessing = 0;
		};
/* End PBXFrameworksBuildPhase section */

/* Begin PBXGroup section */
		375C060E2437111B00CDCBD5 = {
			isa = PBXGroup;
			children = (
				375C06192437111B00CDCBD5 /* FullCamera_iOS */,
				375C06182437111B00CDCBD5 /* Products */,
			);
			sourceTree = "<group>";
		};
		375C06182437111B00CDCBD5 /* Products */ = {
			isa = PBXGroup;
			children = (
				375C06172437111B00CDCBD5 /* FullCamera_iOS.app */,
			);
			name = Products;
			sourceTree = "<group>";
		};
		375C06192437111B00CDCBD5 /* FullCamera_iOS */ = {
			isa = PBXGroup;
			children = (
				375C06302437117F00CDCBD5 /* CameraMain.storyboard */,
				375C062E2437117F00CDCBD5 /* CameraOverlayController.swift */,
				375C062F2437117F00CDCBD5 /* CameraTestController.swift */,
				375C06312437117F00CDCBD5 /* CameraViewController.swift */,
				375C061A2437111B00CDCBD5 /* AppDelegate.swift */,
				375C061C2437111B00CDCBD5 /* SceneDelegate.swift */,
				375C06232437111C00CDCBD5 /* Assets.xcassets */,
				375C06252437111C00CDCBD5 /* LaunchScreen.storyboard */,
				375C06282437111C00CDCBD5 /* Info.plist */,
			);
			path = FullCamera_iOS;
			sourceTree = "<group>";
		};
/* End PBXGroup section */

/* Begin PBXNativeTarget section */
		375C06162437111B00CDCBD5 /* FullCamera_iOS */ = {
			isa = PBXNativeTarget;
			buildConfigurationList = 375C062B2437111C00CDCBD5 /* Build configuration list for PBXNativeTarget "FullCamera_iOS" */;
			buildPhases = (
				375C06132437111B00CDCBD5 /* Sources */,
				375C06142437111B00CDCBD5 /* Frameworks */,
				375C06152437111B00CDCBD5 /* Resources */,
			);
			buildRules = (
			);
			dependencies = (
			);
			name = FullCamera_iOS;
			productName = FullCamera_iOS;
			productReference = 375C06172437111B00CDCBD5 /* FullCamera_iOS.app */;
			productType = "com.apple.product-type.application";
		};
/* End PBXNativeTarget section */

/* Begin PBXProject section */
		375C060F2437111B00CDCBD5 /* Project object */ = {
			isa = PBXProject;
			attributes = {
				LastSwiftUpdateCheck = 1130;
				LastUpgradeCheck = 1130;
				ORGANIZATIONNAME = developers;
				TargetAttributes = {
					375C06162437111B00CDCBD5 = {
						CreatedOnToolsVersion = 11.3.1;
					};
				};
			};
			buildConfigurationList = 375C06122437111B00CDCBD5 /* Build configuration list for PBXProject "FullCamera_iOS" */;
			compatibilityVersion = "Xcode 9.3";
			developmentRegion = en;
			hasScannedForEncodings = 0;
			knownRegions = (
				en,
				Base,
			);
			mainGroup = 375C060E2437111B00CDCBD5;
			productRefGroup = 375C06182437111B00CDCBD5 /* Products */;
			projectDirPath = "";
			projectRoot = "";
			targets = (
				375C06162437111B00CDCBD5 /* FullCamera_iOS */,
			);
		};
/* End PBXProject section */

/* Begin PBXResourcesBuildPhase section */
		375C06152437111B00CDCBD5 /* Resources */ = {
			isa = PBXResourcesBuildPhase;
			buildActionMask = 2147483647;
			files = (
				375C06272437111C00CDCBD5 /* LaunchScreen.storyboard in Resources */,
				375C06242437111C00CDCBD5 /* Assets.xcassets in Resources */,
				375C06342437117F00CDCBD5 /* CameraMain.storyboard in Resources */,
			);
			runOnlyForDeploymentPostprocessing = 0;
		};
/* End PBXResourcesBuildPhase section */

/* Begin PBXSourcesBuildPhase section */
		375C06132437111B00CDCBD5 /* Sources */ = {
			isa = PBXSourcesBuildPhase;
			buildActionMask = 2147483647;
			files = (
				375C061B2437111B00CDCBD5 /* AppDelegate.swift in Sources */,
				375C06352437117F00CDCBD5 /* CameraViewController.swift in Sources */,
				375C06322437117F00CDCBD5 /* CameraOverlayController.swift in Sources */,
				375C06332437117F00CDCBD5 /* CameraTestController.swift in Sources */,
				375C061D2437111B00CDCBD5 /* SceneDelegate.swift in Sources */,
			);
			runOnlyForDeploymentPostprocessing = 0;
		};
/* End PBXSourcesBuildPhase section */

/* Begin PBXVariantGroup section */
		375C06252437111C00CDCBD5 /* LaunchScreen.storyboard */ = {
			isa = PBXVariantGroup;
			children = (
				375C06262437111C00CDCBD5 /* Base */,
			);
			name = LaunchScreen.storyboard;
			sourceTree = "<group>";
		};
/* End PBXVariantGroup section */

/* Begin XCBuildConfiguration section */
		375C06292437111C00CDCBD5 /* Debug */ = {
			isa = XCBuildConfiguration;
			buildSettings = {
				ALWAYS_SEARCH_USER_PATHS = NO;
				CLANG_ANALYZER_NONNULL = YES;
				CLANG_ANALYZER_NUMBER_OBJECT_CONVERSION = YES_AGGRESSIVE;
				CLANG_CXX_LANGUAGE_STANDARD = "gnu++14";
				CLANG_CXX_LIBRARY = "libc++";
				CLANG_ENABLE_MODULES = YES;
				CLANG_ENABLE_OBJC_ARC = YES;
				CLANG_ENABLE_OBJC_WEAK = YES;
				CLANG_WARN_BLOCK_CAPTURE_AUTORELEASING = YES;
				CLANG_WARN_BOOL_CONVERSION = YES;
				CLANG_WARN_COMMA = YES;
				CLANG_WARN_CONSTANT_CONVERSION = YES;
				CLANG_WARN_DEPRECATED_OBJC_IMPLEMENTATIONS = YES;
				CLANG_WARN_DIRECT_OBJC_ISA_USAGE = YES_ERROR;
				CLANG_WARN_DOCUMENTATION_COMMENTS = YES;
				CLANG_WARN_EMPTY_BODY = YES;
				CLANG_WARN_ENUM_CONVERSION = YES;
				CLANG_WARN_INFINITE_RECURSION = YES;
				CLANG_WARN_INT_CONVERSION = YES;
				CLANG_WARN_NON_LITERAL_NULL_CONVERSION = YES;
				CLANG_WARN_OBJC_IMPLICIT_RETAIN_SELF = YES;
				CLANG_WARN_OBJC_LITERAL_CONVERSION = YES;
				CLANG_WARN_OBJC_ROOT_CLASS = YES_ERROR;
				CLANG_WARN_RANGE_LOOP_ANALYSIS = YES;
				CLANG_WARN_STRICT_PROTOTYPES = YES;
				CLANG_WARN_SUSPICIOUS_MOVE = YES;
				CLANG_WARN_UNGUARDED_AVAILABILITY = YES_AGGRESSIVE;
				CLANG_WARN_UNREACHABLE_CODE = YES;
				CLANG_WARN__DUPLICATE_METHOD_MATCH = YES;
				COPY_PHASE_STRIP = NO;
				DEBUG_INFORMATION_FORMAT = dwarf;
				ENABLE_STRICT_OBJC_MSGSEND = YES;
				ENABLE_TESTABILITY = YES;
				GCC_C_LANGUAGE_STANDARD = gnu11;
				GCC_DYNAMIC_NO_PIC = NO;
				GCC_NO_COMMON_BLOCKS = YES;
				GCC_OPTIMIZATION_LEVEL = 0;
				GCC_PREPROCESSOR_DEFINITIONS = (
					"DEBUG=1",
					"$(inherited)",
				);
				GCC_WARN_64_TO_32_BIT_CONVERSION = YES;
				GCC_WARN_ABOUT_RETURN_TYPE = YES_ERROR;
				GCC_WARN_UNDECLARED_SELECTOR = YES;
				GCC_WARN_UNINITIALIZED_AUTOS = YES_AGGRESSIVE;
				GCC_WARN_UNUSED_FUNCTION = YES;
				GCC_WARN_UNUSED_VARIABLE = YES;
				IPHONEOS_DEPLOYMENT_TARGET = 13.2;
				MTL_ENABLE_DEBUG_INFO = INCLUDE_SOURCE;
				MTL_FAST_MATH = YES;
				ONLY_ACTIVE_ARCH = YES;
				SDKROOT = iphoneos;
				SWIFT_ACTIVE_COMPILATION_CONDITIONS = DEBUG;
				SWIFT_OPTIMIZATION_LEVEL = "-Onone";
			};
			name = Debug;
		};
		375C062A2437111C00CDCBD5 /* Release */ = {
			isa = XCBuildConfiguration;
			buildSettings = {
				ALWAYS_SEARCH_USER_PATHS = NO;
				CLANG_ANALYZER_NONNULL = YES;
				CLANG_ANALYZER_NUMBER_OBJECT_CONVERSION = YES_AGGRESSIVE;
				CLANG_CXX_LANGUAGE_STANDARD = "gnu++14";
				CLANG_CXX_LIBRARY = "libc++";
				CLANG_ENABLE_MODULES = YES;
				CLANG_ENABLE_OBJC_ARC = YES;
				CLANG_ENABLE_OBJC_WEAK = YES;
				CLANG_WARN_BLOCK_CAPTURE_AUTORELEASING = YES;
				CLANG_WARN_BOOL_CONVERSION = YES;
				CLANG_WARN_COMMA = YES;
				CLANG_WARN_CONSTANT_CONVERSION = YES;
				CLANG_WARN_DEPRECATED_OBJC_IMPLEMENTATIONS = YES;
				CLANG_WARN_DIRECT_OBJC_ISA_USAGE = YES_ERROR;
				CLANG_WARN_DOCUMENTATION_COMMENTS = YES;
				CLANG_WARN_EMPTY_BODY = YES;
				CLANG_WARN_ENUM_CONVERSION = YES;
				CLANG_WARN_INFINITE_RECURSION = YES;
				CLANG_WARN_INT_CONVERSION = YES;
				CLANG_WARN_NON_LITERAL_NULL_CONVERSION = YES;
				CLANG_WARN_OBJC_IMPLICIT_RETAIN_SELF = YES;
				CLANG_WARN_OBJC_LITERAL_CONVERSION = YES;
				CLANG_WARN_OBJC_ROOT_CLASS = YES_ERROR;
				CLANG_WARN_RANGE_LOOP_ANALYSIS = YES;
				CLANG_WARN_STRICT_PROTOTYPES = YES;
				CLANG_WARN_SUSPICIOUS_MOVE = YES;
				CLANG_WARN_UNGUARDED_AVAILABILITY = YES_AGGRESSIVE;
				CLANG_WARN_UNREACHABLE_CODE = YES;
				CLANG_WARN__DUPLICATE_METHOD_MATCH = YES;
				COPY_PHASE_STRIP = NO;
				DEBUG_INFORMATION_FORMAT = "dwarf-with-dsym";
				ENABLE_NS_ASSERTIONS = NO;
				ENABLE_STRICT_OBJC_MSGSEND = YES;
				GCC_C_LANGUAGE_STANDARD = gnu11;
				GCC_NO_COMMON_BLOCKS = YES;
				GCC_WARN_64_TO_32_BIT_CONVERSION = YES;
				GCC_WARN_ABOUT_RETURN_TYPE = YES_ERROR;
				GCC_WARN_UNDECLARED_SELECTOR = YES;
				GCC_WARN_UNINITIALIZED_AUTOS = YES_AGGRESSIVE;
				GCC_WARN_UNUSED_FUNCTION = YES;
				GCC_WARN_UNUSED_VARIABLE = YES;
				IPHONEOS_DEPLOYMENT_TARGET = 13.2;
				MTL_ENABLE_DEBUG_INFO = NO;
				MTL_FAST_MATH = YES;
				SDKROOT = iphoneos;
				SWIFT_COMPILATION_MODE = wholemodule;
				SWIFT_OPTIMIZATION_LEVEL = "-O";
				VALIDATE_PRODUCT = YES;
			};
			name = Release;
		};
		375C062C2437111C00CDCBD5 /* Debug */ = {
			isa = XCBuildConfiguration;
			buildSettings = {
				ASSETCATALOG_COMPILER_APPICON_NAME = AppIcon;
				CODE_SIGN_STYLE = Automatic;
				INFOPLIST_FILE = FullCamera_iOS/Info.plist;
				LD_RUNPATH_SEARCH_PATHS = (
					"$(inherited)",
					"@executable_path/Frameworks",
				);
				PRODUCT_BUNDLE_IDENTIFIER = "developers.FullCamera-iOS";
				PRODUCT_NAME = "$(TARGET_NAME)";
				SWIFT_VERSION = 5.0;
				TARGETED_DEVICE_FAMILY = "1,2";
			};
			name = Debug;
		};
		375C062D2437111C00CDCBD5 /* Release */ = {
			isa = XCBuildConfiguration;
			buildSettings = {
				ASSETCATALOG_COMPILER_APPICON_NAME = AppIcon;
				CODE_SIGN_STYLE = Automatic;
				INFOPLIST_FILE = FullCamera_iOS/Info.plist;
				LD_RUNPATH_SEARCH_PATHS = (
					"$(inherited)",
					"@executable_path/Frameworks",
				);
				PRODUCT_BUNDLE_IDENTIFIER = "developers.FullCamera-iOS";
				PRODUCT_NAME = "$(TARGET_NAME)";
				SWIFT_VERSION = 5.0;
				TARGETED_DEVICE_FAMILY = "1,2";
			};
			name = Release;
		};
/* End XCBuildConfiguration section */

/* Begin XCConfigurationList section */
		375C06122437111B00CDCBD5 /* Build configuration list for PBXProject "FullCamera_iOS" */ = {
			isa = XCConfigurationList;
			buildConfigurations = (
				375C06292437111C00CDCBD5 /* Debug */,
				375C062A2437111C00CDCBD5 /* Release */,
			);
			defaultConfigurationIsVisible = 0;
			defaultConfigurationName = Release;
		};
		375C062B2437111C00CDCBD5 /* Build configuration list for PBXNativeTarget "FullCamera_iOS" */ = {
			isa = XCConfigurationList;
			buildConfigurations = (
				375C062C2437111C00CDCBD5 /* Debug */,
				375C062D2437111C00CDCBD5 /* Release */,
			);
			defaultConfigurationIsVisible = 0;
			defaultConfigurationName = Release;
		};
/* End XCConfigurationList section */
	};
	rootObject = 375C060F2437111B00CDCBD5 /* Project object */;
}
